
Microsoft Visual Studio Solution File, Format Version 12.00
# Visual Studio Version 16
VisualStudioVersion = 16.0.30907.101
MinimumVisualStudioVersion = 10.0.40219.1
Project("{FAE04EC0-301F-11D3-BF4B-00C04F79EFBC}") = "Array_Frequency", "Array_Frequency.csproj", "{FFCDCCF1-A543-45E3-9A50-D841E22E16C6}"
EndProject
Global
	GlobalSection(SolutionConfigurationPlatforms) = preSolution
		Debug|Any CPU = Debug|Any CPU
		Release|Any CPU = Release|Any CPU
	EndGlobalSection
	GlobalSection(ProjectConfigurationPlatforms) = postSolution
		{FFCDCCF1-A543-45E3-9A50-D841E22E16C6}.Debug|Any CPU.ActiveCfg = Debug|Any CPU
		{FFCDCCF1-A543-45E3-9A50-D841E22E16C6}.Debug|Any CPU.Build.0 = Debug|Any CPU
		{FFCDCCF1-A543-45E3-9A50-D841E22E16C6}.Release|Any CPU.ActiveCfg = Release|Any CPU
		{FFCDCCF1-A543-45E3-9A50-D841E22E16C6}.Release|Any CPU.Build.0 = Release|Any CPU
	EndGlobalSection
	GlobalSection(SolutionProperties) = preSolution
		HideSolutionNode = FALSE
	EndGlobalSection
	GlobalSection(ExtensibilityGlobals) = postSolution
		SolutionGuid = {7AE5C6B0-0EBF-4040-85FD-FB2FB672AF42}
	EndGlobalSection
EndGlobal
